
Microsoft Visual Studio Solution File, Format Version 12.00
# Visual Studio Version 17
VisualStudioVersion = 17.8.34330.188
MinimumVisualStudioVersion = 10.0.40219.1
Project("{2150E333-8FDC-42A3-9474-1A3956D46DE8}") = "Services", "Services", "{627B2A80-2560-454A-9DD2-2E1379886B33}"
EndProject
Project("{2150E333-8FDC-42A3-9474-1A3956D46DE8}") = "Catalog", "Catalog", "{D2512576-D26C-4C75-B52C-3C9282D2A95C}"
EndProject
Project("{9A19103F-16F7-4668-BE54-9A1E7A4F7556}") = "Catalog.API", "Services\Catalog\CatalogAPI\Catalog.API.csproj", "{2DBAC936-05DB-466E-8E69-A2B409851089}"
EndProject
Project("{2150E333-8FDC-42A3-9474-1A3956D46DE8}") = "BuildingBlocks", "BuildingBlocks", "{C3EC1A3D-9C18-486C-B2FC-3EF4544FB3A4}"
EndProject
Project("{9A19103F-16F7-4668-BE54-9A1E7A4F7556}") = "BuildingBlocks", "BuildingBlocks\BuildingBlocks\BuildingBlocks.csproj", "{3138A0F3-4C64-499C-8AA2-2447ECA5EAAA}"
EndProject
Project("{E53339B2-1760-4266-BCC7-CA923CBCF16C}") = "docker-compose", "docker-compose.dcproj", "{D0CBCFA9-15B4-4F0D-A701-2F12EEAB3975}"
EndProject
Project("{2150E333-8FDC-42A3-9474-1A3956D46DE8}") = "Basket", "Basket", "{E0F55F5D-7363-488D-BE4D-6ED7AB709766}"
EndProject
Project("{9A19103F-16F7-4668-BE54-9A1E7A4F7556}") = "Basket.API", "Services\Basket\Basket.API\Basket.API.csproj", "{539D6240-C532-471B-9724-B249160BC6D9}"
EndProject
Project("{2150E333-8FDC-42A3-9474-1A3956D46DE8}") = "Discount", "Discount", "{5B8B8FF3-EFC7-41F2-83DB-C59C758CD5B4}"
EndProject
Project("{9A19103F-16F7-4668-BE54-9A1E7A4F7556}") = "Discount.Grpc", "Services\Discount\Discount.Grpc\Discount.Grpc.csproj", "{C3BCB1C1-E150-4887-80D2-E588304B3138}"
EndProject
Project("{2150E333-8FDC-42A3-9474-1A3956D46DE8}") = "Ordering", "Ordering", "{3FFA0144-E9E3-48EA-BCB4-A564B707ED25}"
EndProject
Project("{FAE04EC0-301F-11D3-BF4B-00C04F79EFBC}") = "Ordering.API", "Services\Ordering\Ordering.API\Ordering.API.csproj", "{AA1D9DDB-2DA5-4987-A2DD-DBDA8FDF8ACB}"
EndProject
Project("{FAE04EC0-301F-11D3-BF4B-00C04F79EFBC}") = "Ordering.Domain", "Services\Ordering\Ordering.Domain\Ordering.Domain.csproj", "{B1DC9CD2-09C9-4E98-90F0-004BE78AF837}"
EndProject
Project("{FAE04EC0-301F-11D3-BF4B-00C04F79EFBC}") = "Ordering.Application", "Services\Ordering\Ordering.Application\Ordering.Application.csproj", "{815B56EE-1905-4FB9-B103-EECAD81D4C19}"
EndProject
Project("{FAE04EC0-301F-11D3-BF4B-00C04F79EFBC}") = "Ordering.Infrastructure", "Services\Ordering\Ordering.Infrastructure\Ordering.Infrastructure.csproj", "{929C9BEC-1990-4F4D-9F0B-2134D9373649}"
EndProject
Global
	GlobalSection(SolutionConfigurationPlatforms) = preSolution
		Debug|Any CPU = Debug|Any CPU
		Release|Any CPU = Release|Any CPU
	EndGlobalSection
	GlobalSection(ProjectConfigurationPlatforms) = postSolution
		{2DBAC936-05DB-466E-8E69-A2B409851089}.Debug|Any CPU.ActiveCfg = Debug|Any CPU
		{2DBAC936-05DB-466E-8E69-A2B409851089}.Debug|Any CPU.Build.0 = Debug|Any CPU
		{2DBAC936-05DB-466E-8E69-A2B409851089}.Release|Any CPU.ActiveCfg = Release|Any CPU
		{2DBAC936-05DB-466E-8E69-A2B409851089}.Release|Any CPU.Build.0 = Release|Any CPU
		{3138A0F3-4C64-499C-8AA2-2447ECA5EAAA}.Debug|Any CPU.ActiveCfg = Debug|Any CPU
		{3138A0F3-4C64-499C-8AA2-2447ECA5EAAA}.Debug|Any CPU.Build.0 = Debug|Any CPU
		{3138A0F3-4C64-499C-8AA2-2447ECA5EAAA}.Release|Any CPU.ActiveCfg = Release|Any CPU
		{3138A0F3-4C64-499C-8AA2-2447ECA5EAAA}.Release|Any CPU.Build.0 = Release|Any CPU
		{D0CBCFA9-15B4-4F0D-A701-2F12EEAB3975}.Debug|Any CPU.ActiveCfg = Debug|Any CPU
		{D0CBCFA9-15B4-4F0D-A701-2F12EEAB3975}.Debug|Any CPU.Build.0 = Debug|Any CPU
		{D0CBCFA9-15B4-4F0D-A701-2F12EEAB3975}.Release|Any CPU.ActiveCfg = Release|Any CPU
		{D0CBCFA9-15B4-4F0D-A701-2F12EEAB3975}.Release|Any CPU.Build.0 = Release|Any CPU
		{539D6240-C532-471B-9724-B249160BC6D9}.Debug|Any CPU.ActiveCfg = Debug|Any CPU
		{539D6240-C532-471B-9724-B249160BC6D9}.Debug|Any CPU.Build.0 = Debug|Any CPU
		{539D6240-C532-471B-9724-B249160BC6D9}.Release|Any CPU.ActiveCfg = Release|Any CPU
		{539D6240-C532-471B-9724-B249160BC6D9}.Release|Any CPU.Build.0 = Release|Any CPU
		{C3BCB1C1-E150-4887-80D2-E588304B3138}.Debug|Any CPU.ActiveCfg = Debug|Any CPU
		{C3BCB1C1-E150-4887-80D2-E588304B3138}.Debug|Any CPU.Build.0 = Debug|Any CPU
		{C3BCB1C1-E150-4887-80D2-E588304B3138}.Release|Any CPU.ActiveCfg = Release|Any CPU
		{C3BCB1C1-E150-4887-80D2-E588304B3138}.Release|Any CPU.Build.0 = Release|Any CPU
		{AA1D9DDB-2DA5-4987-A2DD-DBDA8FDF8ACB}.Debug|Any CPU.ActiveCfg = Debug|Any CPU
		{AA1D9DDB-2DA5-4987-A2DD-DBDA8FDF8ACB}.Debug|Any CPU.Build.0 = Debug|Any CPU
		{AA1D9DDB-2DA5-4987-A2DD-DBDA8FDF8ACB}.Release|Any CPU.ActiveCfg = Release|Any CPU
		{AA1D9DDB-2DA5-4987-A2DD-DBDA8FDF8ACB}.Release|Any CPU.Build.0 = Release|Any CPU
		{B1DC9CD2-09C9-4E98-90F0-004BE78AF837}.Debug|Any CPU.ActiveCfg = Debug|Any CPU
		{B1DC9CD2-09C9-4E98-90F0-004BE78AF837}.Debug|Any CPU.Build.0 = Debug|Any CPU
		{B1DC9CD2-09C9-4E98-90F0-004BE78AF837}.Release|Any CPU.ActiveCfg = Release|Any CPU
		{B1DC9CD2-09C9-4E98-90F0-004BE78AF837}.Release|Any CPU.Build.0 = Release|Any CPU
		{815B56EE-1905-4FB9-B103-EECAD81D4C19}.Debug|Any CPU.ActiveCfg = Debug|Any CPU
		{815B56EE-1905-4FB9-B103-EECAD81D4C19}.Debug|Any CPU.Build.0 = Debug|Any CPU
		{815B56EE-1905-4FB9-B103-EECAD81D4C19}.Release|Any CPU.ActiveCfg = Release|Any CPU
		{815B56EE-1905-4FB9-B103-EECAD81D4C19}.Release|Any CPU.Build.0 = Release|Any CPU
		{929C9BEC-1990-4F4D-9F0B-2134D9373649}.Debug|Any CPU.ActiveCfg = Debug|Any CPU
		{929C9BEC-1990-4F4D-9F0B-2134D9373649}.Debug|Any CPU.Build.0 = Debug|Any CPU
		{929C9BEC-1990-4F4D-9F0B-2134D9373649}.Release|Any CPU.ActiveCfg = Release|Any CPU
		{929C9BEC-1990-4F4D-9F0B-2134D9373649}.Release|Any CPU.Build.0 = Release|Any CPU
	EndGlobalSection
	GlobalSection(SolutionProperties) = preSolution
		HideSolutionNode = FALSE
	EndGlobalSection
	GlobalSection(NestedProjects) = preSolution
		{D2512576-D26C-4C75-B52C-3C9282D2A95C} = {627B2A80-2560-454A-9DD2-2E1379886B33}
		{2DBAC936-05DB-466E-8E69-A2B409851089} = {D2512576-D26C-4C75-B52C-3C9282D2A95C}
		{3138A0F3-4C64-499C-8AA2-2447ECA5EAAA} = {C3EC1A3D-9C18-486C-B2FC-3EF4544FB3A4}
		{E0F55F5D-7363-488D-BE4D-6ED7AB709766} = {627B2A80-2560-454A-9DD2-2E1379886B33}
		{539D6240-C532-471B-9724-B249160BC6D9} = {E0F55F5D-7363-488D-BE4D-6ED7AB709766}
		{5B8B8FF3-EFC7-41F2-83DB-C59C758CD5B4} = {627B2A80-2560-454A-9DD2-2E1379886B33}
		{C3BCB1C1-E150-4887-80D2-E588304B3138} = {5B8B8FF3-EFC7-41F2-83DB-C59C758CD5B4}
		{3FFA0144-E9E3-48EA-BCB4-A564B707ED25} = {627B2A80-2560-454A-9DD2-2E1379886B33}
		{AA1D9DDB-2DA5-4987-A2DD-DBDA8FDF8ACB} = {3FFA0144-E9E3-48EA-BCB4-A564B707ED25}
		{B1DC9CD2-09C9-4E98-90F0-004BE78AF837} = {3FFA0144-E9E3-48EA-BCB4-A564B707ED25}
		{815B56EE-1905-4FB9-B103-EECAD81D4C19} = {3FFA0144-E9E3-48EA-BCB4-A564B707ED25}
		{929C9BEC-1990-4F4D-9F0B-2134D9373649} = {3FFA0144-E9E3-48EA-BCB4-A564B707ED25}
	EndGlobalSection
	GlobalSection(ExtensibilityGlobals) = postSolution
		SolutionGuid = {8A0525E6-626A-492B-A533-8E6EAC9D382E}
	EndGlobalSection
EndGlobal
